PODS:
  - Flutter (1.0.0)
  - flutter_line_sdk (2.2.0):
    - Flutter
    - LineSDKSwift (~> 5.3)
  - LineSDKSwift (5.8.1):
    - LineSDKSwift/Core (= 5.8.1)
  - LineSDKSwift/Core (5.8.1)

DEPENDENCIES:
  - Flutter (from `Flutter`)
  - flutter_line_sdk (from `.symlinks/plugins/flutter_line_sdk/ios`)

SPEC REPOS:
  trunk:
    - LineSDKSwift

EXTERNAL SOURCES:
  Flutter:
    :path: Flutter
  flutter_line_sdk:
    :path: ".symlinks/plugins/flutter_line_sdk/ios"

SPEC CHECKSUMS:
  Flutter: 50d75fe2f02b26cc09d224853bb45737f8b3214a
  flutter_line_sdk: d944c3907ef53be11ac5bf2484f87df93eb5b39c
  LineSDKSwift: 55ea1486ad3b2802b7e00f80aeb5844e3ed3faa3

PODFILE CHECKSUM: 2f4e4ccc9adc167b12ef563ffab396e3d449e6f3

COCOAPODS: 1.11.3
